
Microsoft Visual Studio Solution File, Format Version 12.00
# Visual Studio Version 16
VisualStudioVersion = 16.0.29209.62
MinimumVisualStudioVersion = 10.0.40219.1
Project("{FAE04EC0-301F-11D3-BF4B-00C04F79EFBC}") = "PI_01", "PI_01\PI_01.csproj", "{40BCFCF7-DF75-4F18-8361-557415A0B315}"
EndProject
Global
	GlobalSection(SolutionConfigurationPlatforms) = preSolution
		Debug|Any CPU = Debug|Any CPU
		Release|Any CPU = Release|Any CPU
	EndGlobalSection
	GlobalSection(ProjectConfigurationPlatforms) = postSolution
		{40BCFCF7-DF75-4F18-8361-557415A0B315}.Debug|Any CPU.ActiveCfg = Debug|Any CPU
		{40BCFCF7-DF75-4F18-8361-557415A0B315}.Debug|Any CPU.Build.0 = Debug|Any CPU
		{40BCFCF7-DF75-4F18-8361-557415A0B315}.Release|Any CPU.ActiveCfg = Release|Any CPU
		{40BCFCF7-DF75-4F18-8361-557415A0B315}.Release|Any CPU.Build.0 = Release|Any CPU
	EndGlobalSection
	GlobalSection(SolutionProperties) = preSolution
		HideSolutionNode = FALSE
	EndGlobalSection
	GlobalSection(ExtensibilityGlobals) = postSolution
		SolutionGuid = {3FA43CC4-2709-47B9-A252-0FC613B75BD4}
	EndGlobalSection
EndGlobal
